
Microsoft Visual Studio Solution File, Format Version 12.00
# Visual Studio Version 17
VisualStudioVersion = 17.8.34330.188
MinimumVisualStudioVersion = 10.0.40219.1
Project("{FAE04EC0-301F-11D3-BF4B-00C04F79EFBC}") = "Task 3.2.1", "Task 3.2.1\Task 3.2.1.csproj", "{C2AB63F7-35E6-4289-B1FF-912727B3A8C1}"
EndProject
Project("{FAE04EC0-301F-11D3-BF4B-00C04F79EFBC}") = "Task 3.2.3", "Task 3.2.3\Task 3.2.3.csproj", "{C8652AC2-3468-47D4-82A3-B511F58F40E9}"
EndProject
Project("{FAE04EC0-301F-11D3-BF4B-00C04F79EFBC}") = "Task 2.2.1", "Task 2.2.1\Task 2.2.1.csproj", "{60CFD943-C954-4A58-AD27-17D091183FDA}"
EndProject
Project("{FAE04EC0-301F-11D3-BF4B-00C04F79EFBC}") = "Task 4.2.1", "Task 4.2.1\Task 4.2.1.csproj", "{ACB76ADB-337D-490A-83C8-02E5BC788D39}"
EndProject
Project("{FAE04EC0-301F-11D3-BF4B-00C04F79EFBC}") = "Task 5.2.1", "Task 5.2.1\Task 5.2.1.csproj", "{F32BF5F0-E8D4-4EAE-9E4C-06AC1CC6742E}"
EndProject
Project("{FAE04EC0-301F-11D3-BF4B-00C04F79EFBC}") = "Task 5.2.5", "Task 5.2.5\Task 5.2.5.csproj", "{7106D842-58DB-44D5-82AE-9C260AEF07A7}"
EndProject
Project("{FAE04EC0-301F-11D3-BF4B-00C04F79EFBC}") = "Task 6.2.1", "Task 6.2.1\Task 6.2.1.csproj", "{9BDF083C-2408-4F0F-A3A8-BF31635FD080}"
EndProject
Project("{FAE04EC0-301F-11D3-BF4B-00C04F79EFBC}") = "Task 6.2.2", "Task 6.2.2\Task 6.2.2.csproj", "{16AEBD06-4871-42DD-BD96-49647679E937}"
EndProject
Project("{FAE04EC0-301F-11D3-BF4B-00C04F79EFBC}") = "Task 7.2.1", "Task 7.2.1\Task 7.2.1.csproj", "{CBCA3BB8-25F0-43A6-ABAA-C31115EF2D49}"
EndProject
Project("{FAE04EC0-301F-11D3-BF4B-00C04F79EFBC}") = "Task 7.2.2", "Task 7.2.2\Task 7.2.2.csproj", "{C297B925-973E-46F6-8E71-7A7E347041D0}"
EndProject
Project("{FAE04EC0-301F-11D3-BF4B-00C04F79EFBC}") = "Task 8.2.1", "Task 8.2.1\Task 8.2.1.csproj", "{B86276D0-655B-4317-9F8D-94982CBF7858}"
EndProject
Project("{FAE04EC0-301F-11D3-BF4B-00C04F79EFBC}") = "Task 8.2.2", "Task 8.2.2\Task 8.2.2.csproj", "{28E4C07B-BACB-4E50-85D4-A2A43CEA669A}"
EndProject
Project("{FAE04EC0-301F-11D3-BF4B-00C04F79EFBC}") = "Task 9.2.1", "Task 9.2.1\Task 9.2.1.csproj", "{1A201E5C-4BAC-48FF-AC35-990B8364686C}"
EndProject
Project("{FAE04EC0-301F-11D3-BF4B-00C04F79EFBC}") = "Task 10.2.1", "Task 10.2.1\Task 10.2.1.csproj", "{ABFF6FE4-CFC5-43A6-BC28-A846F8B66021}"
EndProject
Project("{FAE04EC0-301F-11D3-BF4B-00C04F79EFBC}") = "Task 11.2.1", "Task 11.2.1\Task 11.2.1.csproj", "{038A0EBD-BCC0-44C5-B278-85C88BA6157D}"
EndProject
Project("{FAE04EC0-301F-11D3-BF4B-00C04F79EFBC}") = "Task 12.2.1", "Task 12.2.1\Task 12.2.1.csproj", "{F35C7B09-8458-453F-99D0-C45FD6F47E91}"
EndProject
Project("{FAE04EC0-301F-11D3-BF4B-00C04F79EFBC}") = "Task 13.2.1", "Task 13.2.1\Task 13.2.1.csproj", "{6C9B6006-736D-4A9D-B39E-D45D1C57154D}"
EndProject
Project("{FAE04EC0-301F-11D3-BF4B-00C04F79EFBC}") = "Task 14.2.1", "Task 14.2.1\Task 14.2.1.csproj", "{1CC7DF11-31BF-48E4-A8F8-E1346707CB0F}"
EndProject
Project("{FAE04EC0-301F-11D3-BF4B-00C04F79EFBC}") = "Task 15.2.1", "Task 15.2.1\Task 15.2.1.csproj", "{D1511117-C912-4C53-BE3B-1BA7CB037F1E}"
EndProject
Project("{FAE04EC0-301F-11D3-BF4B-00C04F79EFBC}") = "Task 16.2.1", "Task 16.2.1\Task 16.2.1.csproj", "{E3D93CD0-56A1-43D1-9A9F-E67F984A2E33}"
EndProject
Project("{FAE04EC0-301F-11D3-BF4B-00C04F79EFBC}") = "Task 16.2.2", "Task 16.2.2\Task 16.2.2.csproj", "{A40F4EE9-7C48-4526-997F-48874B1E0FEB}"
EndProject
Project("{FAE04EC0-301F-11D3-BF4B-00C04F79EFBC}") = "Task 17.2.1", "Task 17.2.1\Task 17.2.1.csproj", "{81289D06-C384-41C4-9814-FA18B674258D}"
EndProject
Project("{FAE04EC0-301F-11D3-BF4B-00C04F79EFBC}") = "Task 18.2.1", "Task 18.2.1\Task 18.2.1.csproj", "{BF33240B-37B0-4295-BB66-A765FB6237FD}"
EndProject
Project("{FAE04EC0-301F-11D3-BF4B-00C04F79EFBC}") = "Task 19.2.1", "Task 19.2.1\Task 19.2.1.csproj", "{A9A4F70B-A2D3-4B19-8C06-0CBE60F532C6}"
EndProject
Project("{FAE04EC0-301F-11D3-BF4B-00C04F79EFBC}") = "Task 20.2.1", "Task 20.2.1\Task 20.2.1.csproj", "{5044F2ED-441C-43B9-BFB3-6A2B9817A678}"
EndProject
Project("{FAE04EC0-301F-11D3-BF4B-00C04F79EFBC}") = "Task 21.2.1", "Task 21.2.1\Task 21.2.1.csproj", "{A2AF5FA8-AD49-4AC1-BB1A-0143BF95B614}"
EndProject
Project("{FAE04EC0-301F-11D3-BF4B-00C04F79EFBC}") = "Task 22.2.1", "Task 22.2.1\Task 22.2.1.csproj", "{7AEFF9E7-D770-4329-A048-86C95235CFD3}"
EndProject
Project("{FAE04EC0-301F-11D3-BF4B-00C04F79EFBC}") = "Task 23.2.1", "Task 23.2.1\Task 23.2.1.csproj", "{3366B53E-9B1D-41E6-868E-3F98CA722519}"
EndProject
Global
	GlobalSection(SolutionConfigurationPlatforms) = preSolution
		Debug|Any CPU = Debug|Any CPU
		Release|Any CPU = Release|Any CPU
	EndGlobalSection
	GlobalSection(ProjectConfigurationPlatforms) = postSolution
		{C2AB63F7-35E6-4289-B1FF-912727B3A8C1}.Debug|Any CPU.ActiveCfg = Debug|Any CPU
		{C2AB63F7-35E6-4289-B1FF-912727B3A8C1}.Debug|Any CPU.Build.0 = Debug|Any CPU
		{C2AB63F7-35E6-4289-B1FF-912727B3A8C1}.Release|Any CPU.ActiveCfg = Release|Any CPU
		{C2AB63F7-35E6-4289-B1FF-912727B3A8C1}.Release|Any CPU.Build.0 = Release|Any CPU
		{C8652AC2-3468-47D4-82A3-B511F58F40E9}.Debug|Any CPU.ActiveCfg = Debug|Any CPU
		{C8652AC2-3468-47D4-82A3-B511F58F40E9}.Debug|Any CPU.Build.0 = Debug|Any CPU
		{C8652AC2-3468-47D4-82A3-B511F58F40E9}.Release|Any CPU.ActiveCfg = Release|Any CPU
		{C8652AC2-3468-47D4-82A3-B511F58F40E9}.Release|Any CPU.Build.0 = Release|Any CPU
		{60CFD943-C954-4A58-AD27-17D091183FDA}.Debug|Any CPU.ActiveCfg = Debug|Any CPU
		{60CFD943-C954-4A58-AD27-17D091183FDA}.Debug|Any CPU.Build.0 = Debug|Any CPU
		{60CFD943-C954-4A58-AD27-17D091183FDA}.Release|Any CPU.ActiveCfg = Release|Any CPU
		{60CFD943-C954-4A58-AD27-17D091183FDA}.Release|Any CPU.Build.0 = Release|Any CPU
		{ACB76ADB-337D-490A-83C8-02E5BC788D39}.Debug|Any CPU.ActiveCfg = Debug|Any CPU
		{ACB76ADB-337D-490A-83C8-02E5BC788D39}.Debug|Any CPU.Build.0 = Debug|Any CPU
		{ACB76ADB-337D-490A-83C8-02E5BC788D39}.Release|Any CPU.ActiveCfg = Release|Any CPU
		{ACB76ADB-337D-490A-83C8-02E5BC788D39}.Release|Any CPU.Build.0 = Release|Any CPU
		{F32BF5F0-E8D4-4EAE-9E4C-06AC1CC6742E}.Debug|Any CPU.ActiveCfg = Debug|Any CPU
		{F32BF5F0-E8D4-4EAE-9E4C-06AC1CC6742E}.Debug|Any CPU.Build.0 = Debug|Any CPU
		{F32BF5F0-E8D4-4EAE-9E4C-06AC1CC6742E}.Release|Any CPU.ActiveCfg = Release|Any CPU
		{F32BF5F0-E8D4-4EAE-9E4C-06AC1CC6742E}.Release|Any CPU.Build.0 = Release|Any CPU
		{7106D842-58DB-44D5-82AE-9C260AEF07A7}.Debug|Any CPU.ActiveCfg = Debug|Any CPU
		{7106D842-58DB-44D5-82AE-9C260AEF07A7}.Debug|Any CPU.Build.0 = Debug|Any CPU
		{7106D842-58DB-44D5-82AE-9C260AEF07A7}.Release|Any CPU.ActiveCfg = Release|Any CPU
		{7106D842-58DB-44D5-82AE-9C260AEF07A7}.Release|Any CPU.Build.0 = Release|Any CPU
		{9BDF083C-2408-4F0F-A3A8-BF31635FD080}.Debug|Any CPU.ActiveCfg = Debug|Any CPU
		{9BDF083C-2408-4F0F-A3A8-BF31635FD080}.Debug|Any CPU.Build.0 = Debug|Any CPU
		{9BDF083C-2408-4F0F-A3A8-BF31635FD080}.Release|Any CPU.ActiveCfg = Release|Any CPU
		{9BDF083C-2408-4F0F-A3A8-BF31635FD080}.Release|Any CPU.Build.0 = Release|Any CPU
		{16AEBD06-4871-42DD-BD96-49647679E937}.Debug|Any CPU.ActiveCfg = Debug|Any CPU
		{16AEBD06-4871-42DD-BD96-49647679E937}.Debug|Any CPU.Build.0 = Debug|Any CPU
		{16AEBD06-4871-42DD-BD96-49647679E937}.Release|Any CPU.ActiveCfg = Release|Any CPU
		{16AEBD06-4871-42DD-BD96-49647679E937}.Release|Any CPU.Build.0 = Release|Any CPU
		{CBCA3BB8-25F0-43A6-ABAA-C31115EF2D49}.Debug|Any CPU.ActiveCfg = Debug|Any CPU
		{CBCA3BB8-25F0-43A6-ABAA-C31115EF2D49}.Debug|Any CPU.Build.0 = Debug|Any CPU
		{CBCA3BB8-25F0-43A6-ABAA-C31115EF2D49}.Release|Any CPU.ActiveCfg = Release|Any CPU
		{CBCA3BB8-25F0-43A6-ABAA-C31115EF2D49}.Release|Any CPU.Build.0 = Release|Any CPU
		{C297B925-973E-46F6-8E71-7A7E347041D0}.Debug|Any CPU.ActiveCfg = Debug|Any CPU
		{C297B925-973E-46F6-8E71-7A7E347041D0}.Debug|Any CPU.Build.0 = Debug|Any CPU
		{C297B925-973E-46F6-8E71-7A7E347041D0}.Release|Any CPU.ActiveCfg = Release|Any CPU
		{C297B925-973E-46F6-8E71-7A7E347041D0}.Release|Any CPU.Build.0 = Release|Any CPU
		{B86276D0-655B-4317-9F8D-94982CBF7858}.Debug|Any CPU.ActiveCfg = Debug|Any CPU
		{B86276D0-655B-4317-9F8D-94982CBF7858}.Debug|Any CPU.Build.0 = Debug|Any CPU
		{B86276D0-655B-4317-9F8D-94982CBF7858}.Release|Any CPU.ActiveCfg = Release|Any CPU
		{B86276D0-655B-4317-9F8D-94982CBF7858}.Release|Any CPU.Build.0 = Release|Any CPU
		{28E4C07B-BACB-4E50-85D4-A2A43CEA669A}.Debug|Any CPU.ActiveCfg = Debug|Any CPU
		{28E4C07B-BACB-4E50-85D4-A2A43CEA669A}.Debug|Any CPU.Build.0 = Debug|Any CPU
		{28E4C07B-BACB-4E50-85D4-A2A43CEA669A}.Release|Any CPU.ActiveCfg = Release|Any CPU
		{28E4C07B-BACB-4E50-85D4-A2A43CEA669A}.Release|Any CPU.Build.0 = Release|Any CPU
		{1A201E5C-4BAC-48FF-AC35-990B8364686C}.Debug|Any CPU.ActiveCfg = Debug|Any CPU
		{1A201E5C-4BAC-48FF-AC35-990B8364686C}.Debug|Any CPU.Build.0 = Debug|Any CPU
		{1A201E5C-4BAC-48FF-AC35-990B8364686C}.Release|Any CPU.ActiveCfg = Release|Any CPU
		{1A201E5C-4BAC-48FF-AC35-990B8364686C}.Release|Any CPU.Build.0 = Release|Any CPU
		{ABFF6FE4-CFC5-43A6-BC28-A846F8B66021}.Debug|Any CPU.ActiveCfg = Debug|Any CPU
		{ABFF6FE4-CFC5-43A6-BC28-A846F8B66021}.Debug|Any CPU.Build.0 = Debug|Any CPU
		{ABFF6FE4-CFC5-43A6-BC28-A846F8B66021}.Release|Any CPU.ActiveCfg = Release|Any CPU
		{ABFF6FE4-CFC5-43A6-BC28-A846F8B66021}.Release|Any CPU.Build.0 = Release|Any CPU
		{038A0EBD-BCC0-44C5-B278-85C88BA6157D}.Debug|Any CPU.ActiveCfg = Debug|Any CPU
		{038A0EBD-BCC0-44C5-B278-85C88BA6157D}.Debug|Any CPU.Build.0 = Debug|Any CPU
		{038A0EBD-BCC0-44C5-B278-85C88BA6157D}.Release|Any CPU.ActiveCfg = Release|Any CPU
		{038A0EBD-BCC0-44C5-B278-85C88BA6157D}.Release|Any CPU.Build.0 = Release|Any CPU
		{F35C7B09-8458-453F-99D0-C45FD6F47E91}.Debug|Any CPU.ActiveCfg = Debug|Any CPU
		{F35C7B09-8458-453F-99D0-C45FD6F47E91}.Debug|Any CPU.Build.0 = Debug|Any CPU
		{F35C7B09-8458-453F-99D0-C45FD6F47E91}.Release|Any CPU.ActiveCfg = Release|Any CPU
		{F35C7B09-8458-453F-99D0-C45FD6F47E91}.Release|Any CPU.Build.0 = Release|Any CPU
		{6C9B6006-736D-4A9D-B39E-D45D1C57154D}.Debug|Any CPU.ActiveCfg = Debug|Any CPU
		{6C9B6006-736D-4A9D-B39E-D45D1C57154D}.Debug|Any CPU.Build.0 = Debug|Any CPU
		{6C9B6006-736D-4A9D-B39E-D45D1C57154D}.Release|Any CPU.ActiveCfg = Release|Any CPU
		{6C9B6006-736D-4A9D-B39E-D45D1C57154D}.Release|Any CPU.Build.0 = Release|Any CPU
		{1CC7DF11-31BF-48E4-A8F8-E1346707CB0F}.Debug|Any CPU.ActiveCfg = Debug|Any CPU
		{1CC7DF11-31BF-48E4-A8F8-E1346707CB0F}.Debug|Any CPU.Build.0 = Debug|Any CPU
		{1CC7DF11-31BF-48E4-A8F8-E1346707CB0F}.Release|Any CPU.ActiveCfg = Release|Any CPU
		{1CC7DF11-31BF-48E4-A8F8-E1346707CB0F}.Release|Any CPU.Build.0 = Release|Any CPU
		{D1511117-C912-4C53-BE3B-1BA7CB037F1E}.Debug|Any CPU.ActiveCfg = Debug|Any CPU
		{D1511117-C912-4C53-BE3B-1BA7CB037F1E}.Debug|Any CPU.Build.0 = Debug|Any CPU
		{D1511117-C912-4C53-BE3B-1BA7CB037F1E}.Release|Any CPU.ActiveCfg = Release|Any CPU
		{D1511117-C912-4C53-BE3B-1BA7CB037F1E}.Release|Any CPU.Build.0 = Release|Any CPU
		{E3D93CD0-56A1-43D1-9A9F-E67F984A2E33}.Debug|Any CPU.ActiveCfg = Debug|Any CPU
		{E3D93CD0-56A1-43D1-9A9F-E67F984A2E33}.Debug|Any CPU.Build.0 = Debug|Any CPU
		{E3D93CD0-56A1-43D1-9A9F-E67F984A2E33}.Release|Any CPU.ActiveCfg = Release|Any CPU
		{E3D93CD0-56A1-43D1-9A9F-E67F984A2E33}.Release|Any CPU.Build.0 = Release|Any CPU
		{A40F4EE9-7C48-4526-997F-48874B1E0FEB}.Debug|Any CPU.ActiveCfg = Debug|Any CPU
		{A40F4EE9-7C48-4526-997F-48874B1E0FEB}.Debug|Any CPU.Build.0 = Debug|Any CPU
		{A40F4EE9-7C48-4526-997F-48874B1E0FEB}.Release|Any CPU.ActiveCfg = Release|Any CPU
		{A40F4EE9-7C48-4526-997F-48874B1E0FEB}.Release|Any CPU.Build.0 = Release|Any CPU
		{81289D06-C384-41C4-9814-FA18B674258D}.Debug|Any CPU.ActiveCfg = Debug|Any CPU
		{81289D06-C384-41C4-9814-FA18B674258D}.Debug|Any CPU.Build.0 = Debug|Any CPU
		{81289D06-C384-41C4-9814-FA18B674258D}.Release|Any CPU.ActiveCfg = Release|Any CPU
		{81289D06-C384-41C4-9814-FA18B674258D}.Release|Any CPU.Build.0 = Release|Any CPU
		{BF33240B-37B0-4295-BB66-A765FB6237FD}.Debug|Any CPU.ActiveCfg = Debug|Any CPU
		{BF33240B-37B0-4295-BB66-A765FB6237FD}.Debug|Any CPU.Build.0 = Debug|Any CPU
		{BF33240B-37B0-4295-BB66-A765FB6237FD}.Release|Any CPU.ActiveCfg = Release|Any CPU
		{BF33240B-37B0-4295-BB66-A765FB6237FD}.Release|Any CPU.Build.0 = Release|Any CPU
		{A9A4F70B-A2D3-4B19-8C06-0CBE60F532C6}.Debug|Any CPU.ActiveCfg = Debug|Any CPU
		{A9A4F70B-A2D3-4B19-8C06-0CBE60F532C6}.Debug|Any CPU.Build.0 = Debug|Any CPU
		{A9A4F70B-A2D3-4B19-8C06-0CBE60F532C6}.Release|Any CPU.ActiveCfg = Release|Any CPU
		{A9A4F70B-A2D3-4B19-8C06-0CBE60F532C6}.Release|Any CPU.Build.0 = Release|Any CPU
		{5044F2ED-441C-43B9-BFB3-6A2B9817A678}.Debug|Any CPU.ActiveCfg = Debug|Any CPU
		{5044F2ED-441C-43B9-BFB3-6A2B9817A678}.Debug|Any CPU.Build.0 = Debug|Any CPU
		{5044F2ED-441C-43B9-BFB3-6A2B9817A678}.Release|Any CPU.ActiveCfg = Release|Any CPU
		{5044F2ED-441C-43B9-BFB3-6A2B9817A678}.Release|Any CPU.Build.0 = Release|Any CPU
		{A2AF5FA8-AD49-4AC1-BB1A-0143BF95B614}.Debug|Any CPU.ActiveCfg = Debug|Any CPU
		{A2AF5FA8-AD49-4AC1-BB1A-0143BF95B614}.Debug|Any CPU.Build.0 = Debug|Any CPU
		{A2AF5FA8-AD49-4AC1-BB1A-0143BF95B614}.Release|Any CPU.ActiveCfg = Release|Any CPU
		{A2AF5FA8-AD49-4AC1-BB1A-0143BF95B614}.Release|Any CPU.Build.0 = Release|Any CPU
		{7AEFF9E7-D770-4329-A048-86C95235CFD3}.Debug|Any CPU.ActiveCfg = Debug|Any CPU
		{7AEFF9E7-D770-4329-A048-86C95235CFD3}.Debug|Any CPU.Build.0 = Debug|Any CPU
		{7AEFF9E7-D770-4329-A048-86C95235CFD3}.Release|Any CPU.ActiveCfg = Release|Any CPU
		{7AEFF9E7-D770-4329-A048-86C95235CFD3}.Release|Any CPU.Build.0 = Release|Any CPU
		{3366B53E-9B1D-41E6-868E-3F98CA722519}.Debug|Any CPU.ActiveCfg = Debug|Any CPU
		{3366B53E-9B1D-41E6-868E-3F98CA722519}.Debug|Any CPU.Build.0 = Debug|Any CPU
		{3366B53E-9B1D-41E6-868E-3F98CA722519}.Release|Any CPU.ActiveCfg = Release|Any CPU
		{3366B53E-9B1D-41E6-868E-3F98CA722519}.Release|Any CPU.Build.0 = Release|Any CPU
	EndGlobalSection
	GlobalSection(SolutionProperties) = preSolution
		HideSolutionNode = FALSE
	EndGlobalSection
	GlobalSection(ExtensibilityGlobals) = postSolution
		SolutionGuid = {CE5B5227-E1D7-4705-8CFD-A6822377892C}
	EndGlobalSection
EndGlobal
