
Microsoft Visual Studio Solution File, Format Version 12.00
# Visual Studio Version 17
VisualStudioVersion = 17.8.34330.188
MinimumVisualStudioVersion = 10.0.40219.1
Project("{FAE04EC0-301F-11D3-BF4B-00C04F79EFBC}") = "Task 3.2.1", "Task 3.2.1\Task 3.2.1.csproj", "{C2AB63F7-35E6-4289-B1FF-912727B3A8C1}"
EndProject
Project("{FAE04EC0-301F-11D3-BF4B-00C04F79EFBC}") = "Task 3.2.3", "Task 3.2.3\Task 3.2.3.csproj", "{C8652AC2-3468-47D4-82A3-B511F58F40E9}"
EndProject
Project("{FAE04EC0-301F-11D3-BF4B-00C04F79EFBC}") = "Task 2.2.1", "Task 2.2.1\Task 2.2.1.csproj", "{60CFD943-C954-4A58-AD27-17D091183FDA}"
EndProject
Project("{FAE04EC0-301F-11D3-BF4B-00C04F79EFBC}") = "Task 4.2.1", "Task 4.2.1\Task 4.2.1.csproj", "{ACB76ADB-337D-490A-83C8-02E5BC788D39}"
EndProject
Global
	GlobalSection(SolutionConfigurationPlatforms) = preSolution
		Debug|Any CPU = Debug|Any CPU
		Release|Any CPU = Release|Any CPU
	EndGlobalSection
	GlobalSection(ProjectConfigurationPlatforms) = postSolution
		{C2AB63F7-35E6-4289-B1FF-912727B3A8C1}.Debug|Any CPU.ActiveCfg = Debug|Any CPU
		{C2AB63F7-35E6-4289-B1FF-912727B3A8C1}.Debug|Any CPU.Build.0 = Debug|Any CPU
		{C2AB63F7-35E6-4289-B1FF-912727B3A8C1}.Release|Any CPU.ActiveCfg = Release|Any CPU
		{C2AB63F7-35E6-4289-B1FF-912727B3A8C1}.Release|Any CPU.Build.0 = Release|Any CPU
		{C8652AC2-3468-47D4-82A3-B511F58F40E9}.Debug|Any CPU.ActiveCfg = Debug|Any CPU
		{C8652AC2-3468-47D4-82A3-B511F58F40E9}.Debug|Any CPU.Build.0 = Debug|Any CPU
		{C8652AC2-3468-47D4-82A3-B511F58F40E9}.Release|Any CPU.ActiveCfg = Release|Any CPU
		{C8652AC2-3468-47D4-82A3-B511F58F40E9}.Release|Any CPU.Build.0 = Release|Any CPU
		{60CFD943-C954-4A58-AD27-17D091183FDA}.Debug|Any CPU.ActiveCfg = Debug|Any CPU
		{60CFD943-C954-4A58-AD27-17D091183FDA}.Debug|Any CPU.Build.0 = Debug|Any CPU
		{60CFD943-C954-4A58-AD27-17D091183FDA}.Release|Any CPU.ActiveCfg = Release|Any CPU
		{60CFD943-C954-4A58-AD27-17D091183FDA}.Release|Any CPU.Build.0 = Release|Any CPU
		{ACB76ADB-337D-490A-83C8-02E5BC788D39}.Debug|Any CPU.ActiveCfg = Debug|Any CPU
		{ACB76ADB-337D-490A-83C8-02E5BC788D39}.Debug|Any CPU.Build.0 = Debug|Any CPU
		{ACB76ADB-337D-490A-83C8-02E5BC788D39}.Release|Any CPU.ActiveCfg = Release|Any CPU
		{ACB76ADB-337D-490A-83C8-02E5BC788D39}.Release|Any CPU.Build.0 = Release|Any CPU
	EndGlobalSection
	GlobalSection(SolutionProperties) = preSolution
		HideSolutionNode = FALSE
	EndGlobalSection
	GlobalSection(ExtensibilityGlobals) = postSolution
		SolutionGuid = {CE5B5227-E1D7-4705-8CFD-A6822377892C}
	EndGlobalSection
EndGlobal
